{
  "name": "time_to_answer",
  "lockfileVersion": 3,
  "requires": true,
  "packages": {
    "": {
      "name": "time_to_answer",
      "dependencies": {
        "@creative-tim-official/argon-dashboard-free": "^1.2.0",
        "bootstrap": "v5.3.2",
        "bulma": "^0.9.4"
      }
    },
    "node_modules/@creative-tim-official/argon-dashboard-free": {
      "version": "1.2.0",
      "resolved": "https://registry.npmjs.org/@creative-tim-official/argon-dashboard-free/-/argon-dashboard-free-1.2.0.tgz",
      "integrity": "sha512-kR186Al/2CD0KF267KaRwbsI01yPYgaBQYhh9c8KkOUJ/1PW0C0JlK3Rh1RlmJEYN0P75fzmGA9WGT+BbUOgEA==",
      "dependencies": {
        "@fortawesome/fontawesome-free": "^5.3.1",
        "anchor-js": "^4.1.1",
        "animate.css": "^3.7.0",
        "bootstrap": "^4.1.3",
        "bootstrap-datepicker": "^1.8.0",
        "bootstrap-notify": "^3.1.3",
        "bootstrap-tagsinput": "^0.7.1",
        "chart.js": "^2.7.2",
        "clipboard": "^2.0.1",
        "datatables.net": "^1.10.19",
        "datatables.net-bs4": "^1.10.19",
        "datatables.net-buttons": "^1.5.4",
        "datatables.net-buttons-bs4": "^1.5.4",
        "datatables.net-responsive-bs4": "^2.2.3",
        "datatables.net-select": "^1.2.7",
        "datatables.net-select-bs4": "^1.2.7",
        "dropzone": "^5.5.1",
        "fullcalendar": "^3.9.0",
        "headroom.js": "^0.9.4",
        "holderjs": "^2.9.4",
        "jquery": "^3.3.1",
        "jquery-scroll-lock": "^3.1.3",
        "jquery.scrollbar": "^0.2.11",
        "js-cookie": "^2.2.0",
        "jvectormap-next": "^3.0.0",
        "lavalamp": "^1.1.0",
        "list.js": "^1.5.0",
        "moment": "^2.22.2",
        "nouislider": "^11.1.0",
        "onscreen": "^1.3.2",
        "prismjs": "^1.15.0",
        "quill": "^1.3.6",
        "select2": "^4.0.6-rc.1",
        "sweetalert2": "^7.28.10"
      }
    },
    "node_modules/@creative-tim-official/argon-dashboard-free/node_modules/bootstrap": {
      "version": "4.6.2",
      "resolved": "https://registry.npmjs.org/bootstrap/-/bootstrap-4.6.2.tgz",
      "integrity": "sha512-51Bbp/Uxr9aTuy6ca/8FbFloBUJZLHwnhTcnjIeRn2suQWsWzcuJhGjKDB5eppVte/8oCdOL3VuwxvZDUggwGQ==",
      "funding": [
        {
          "type": "github",
          "url": "https://github.com/sponsors/twbs"
        },
        {
          "type": "opencollective",
          "url": "https://opencollective.com/bootstrap"
        }
      ],
      "peerDependencies": {
        "jquery": "1.9.1 - 3",
        "popper.js": "^1.16.1"
      }
    },
    "node_modules/@fortawesome/fontawesome-free": {
      "version": "5.15.4",
      "resolved": "https://registry.npmjs.org/@fortawesome/fontawesome-free/-/fontawesome-free-5.15.4.tgz",
      "integrity": "sha512-eYm8vijH/hpzr/6/1CJ/V/Eb1xQFW2nnUKArb3z+yUWv7HTwj6M7SP957oMjfZjAHU6qpoNc2wQvIxBLWYa/Jg==",
      "hasInstallScript": true,
      "engines": {
        "node": ">=6"
      }
    },
    "node_modules/@popperjs/core": {
      "version": "2.11.8",
      "resolved": "https://registry.npmjs.org/@popperjs/core/-/core-2.11.8.tgz",
      "integrity": "sha512-P1st0aksCrn9sGZhp8GMYwBnQsbvAWsZAX44oXNNvLHGqAOcoVxmjZiohstwQ7SqKnbR47akdNi+uleWD8+g6A==",
      "peer": true,
      "funding": {
        "type": "opencollective",
        "url": "https://opencollective.com/popperjs"
      }
    },
    "node_modules/anchor-js": {
      "version": "4.3.1",
      "resolved": "https://registry.npmjs.org/anchor-js/-/anchor-js-4.3.1.tgz",
      "integrity": "sha512-TziERoibspey7KSm95oIdzTxiogXonJl7inQI07Y3cI25DKQaLkUftB7RhCuSb1GcwunHL6/PcIKM4dDUb9xYQ=="
    },
    "node_modules/animate.css": {
      "version": "3.7.2",
      "resolved": "https://registry.npmjs.org/animate.css/-/animate.css-3.7.2.tgz",
      "integrity": "sha512-0bE8zYo7C0KvgOYrSVfrzkbYk6IOTVPNqkiHg2cbyF4Pq/PXzilz4BRWA3hwEUBoMp5VBgrC29lQIZyhRWdBTw=="
    },
    "node_modules/bootstrap": {
      "version": "5.3.2",
      "resolved": "https://registry.npmjs.org/bootstrap/-/bootstrap-5.3.2.tgz",
      "integrity": "sha512-D32nmNWiQHo94BKHLmOrdjlL05q1c8oxbtBphQFb9Z5to6eGRDCm0QgeaZ4zFBHzfg2++rqa2JkqCcxDy0sH0g==",
      "funding": [
        {
          "type": "github",
          "url": "https://github.com/sponsors/twbs"
        },
        {
          "type": "opencollective",
          "url": "https://opencollective.com/bootstrap"
        }
      ],
      "peerDependencies": {
        "@popperjs/core": "^2.11.8"
      }
    },
    "node_modules/bootstrap-datepicker": {
      "version": "1.10.0",
      "resolved": "https://registry.npmjs.org/bootstrap-datepicker/-/bootstrap-datepicker-1.10.0.tgz",
      "integrity": "sha512-lWxtSYddAQOpbAO8UhYhHLcK6425eWoSjb5JDvZU3ePHEPF6A3eUr51WKaFy4PccU19JRxUG6wEU3KdhtKfvpg==",
      "dependencies": {
        "jquery": ">=3.4.0 <4.0.0"
      }
    },
    "node_modules/bootstrap-notify": {
      "version": "3.1.3",
      "resolved": "https://registry.npmjs.org/bootstrap-notify/-/bootstrap-notify-3.1.3.tgz",
      "integrity": "sha512-cnTactFVG8aHri03+RmuZ5sl9VcA+jTTM/mTdEOQN+R1V9u4YBu8Ca+Pf6NGeVfieGv0Z6CxK8FzlWg59omzyg=="
    },
    "node_modules/bootstrap-tagsinput": {
      "version": "0.7.1",
      "resolved": "https://registry.npmjs.org/bootstrap-tagsinput/-/bootstrap-tagsinput-0.7.1.tgz",
      "integrity": "sha512-xSks67GWgXLnmO5gqp788vhh7WoXd9mHj5uKE5zg8rvw3sNYYSCjrSlrPRlPdpYKwmuxeuf2jsNjBSWEucyB1w=="
    },
    "node_modules/bulma": {
      "version": "0.9.4",
      "resolved": "https://registry.npmjs.org/bulma/-/bulma-0.9.4.tgz",
      "integrity": "sha512-86FlT5+1GrsgKbPLRRY7cGDg8fsJiP/jzTqXXVqiUZZ2aZT8uemEOHlU1CDU+TxklPEZ11HZNNWclRBBecP4CQ=="
    },
    "node_modules/call-bind": {
      "version": "1.0.5",
      "resolved": "https://registry.npmjs.org/call-bind/-/call-bind-1.0.5.tgz",
      "integrity": "sha512-C3nQxfFZxFRVoJoGKKI8y3MOEo129NQ+FgQ08iye+Mk4zNZZGdjfs06bVTr+DBSlA66Q2VEcMki/cUCP4SercQ==",
      "dependencies": {
        "function-bind": "^1.1.2",
        "get-intrinsic": "^1.2.1",
        "set-function-length": "^1.1.1"
      },
      "funding": {
        "url": "https://github.com/sponsors/ljharb"
      }
    },
    "node_modules/chart.js": {
      "version": "2.9.4",
      "resolved": "https://registry.npmjs.org/chart.js/-/chart.js-2.9.4.tgz",
      "integrity": "sha512-B07aAzxcrikjAPyV+01j7BmOpxtQETxTSlQ26BEYJ+3iUkbNKaOJ/nDbT6JjyqYxseM0ON12COHYdU2cTIjC7A==",
      "dependencies": {
        "chartjs-color": "^2.1.0",
        "moment": "^2.10.2"
      }
    },
    "node_modules/chartjs-color": {
      "version": "2.4.1",
      "resolved": "https://registry.npmjs.org/chartjs-color/-/chartjs-color-2.4.1.tgz",
      "integrity": "sha512-haqOg1+Yebys/Ts/9bLo/BqUcONQOdr/hoEr2LLTRl6C5LXctUdHxsCYfvQVg5JIxITrfCNUDr4ntqmQk9+/0w==",
      "dependencies": {
        "chartjs-color-string": "^0.6.0",
        "color-convert": "^1.9.3"
      }
    },
    "node_modules/chartjs-color-string": {
      "version": "0.6.0",
      "resolved": "https://registry.npmjs.org/chartjs-color-string/-/chartjs-color-string-0.6.0.tgz",
      "integrity": "sha512-TIB5OKn1hPJvO7JcteW4WY/63v6KwEdt6udfnDE9iCAZgy+V4SrbSxoIbTw/xkUIapjEI4ExGtD0+6D3KyFd7A==",
      "dependencies": {
        "color-name": "^1.0.0"
      }
    },
    "node_modules/clipboard": {
      "version": "2.0.11",
      "resolved": "https://registry.npmjs.org/clipboard/-/clipboard-2.0.11.tgz",
      "integrity": "sha512-C+0bbOqkezLIsmWSvlsXS0Q0bmkugu7jcfMIACB+RDEntIzQIkdr148we28AfSloQLRdZlYL/QYyrq05j/3Faw==",
      "dependencies": {
        "good-listener": "^1.2.2",
        "select": "^1.1.2",
        "tiny-emitter": "^2.0.0"
      }
    },
    "node_modules/clone": {
      "version": "2.1.2",
      "resolved": "https://registry.npmjs.org/clone/-/clone-2.1.2.tgz",
      "integrity": "sha512-3Pe/CF1Nn94hyhIYpjtiLhdCoEoz0DqQ+988E9gmeEdQZlojxnOb74wctFyuwWQHzqyf9X7C7MG8juUpqBJT8w==",
      "engines": {
        "node": ">=0.8"
      }
    },
    "node_modules/color-convert": {
      "version": "1.9.3",
      "resolved": "https://registry.npmjs.org/color-convert/-/color-convert-1.9.3.tgz",
      "integrity": "sha512-QfAUtd+vFdAtFQcC8CCyYt1fYWxSqAiK2cSD6zDB8N3cpsEBAvRxp9zOGg6G/SHHJYAT88/az/IuDGALsNVbGg==",
      "dependencies": {
        "color-name": "1.1.3"
      }
    },
    "node_modules/color-convert/node_modules/color-name": {
      "version": "1.1.3",
      "resolved": "https://registry.npmjs.org/color-name/-/color-name-1.1.3.tgz",
      "integrity": "sha512-72fSenhMw2HZMTVHeCA9KCmpEIbzWiQsjN+BHcBbS9vr1mtt+vJjPdksIBNUmKAW8TFUDPJK5SUU3QhE9NEXDw=="
    },
    "node_modules/color-name": {
      "version": "1.1.4",
      "resolved": "https://registry.npmjs.org/color-name/-/color-name-1.1.4.tgz",
      "integrity": "sha512-dOy+3AuW3a2wNbZHIuMZpTcgjGuLU/uBL/ubcZF9OXbDo8ff4O8yVp5Bf0efS8uEoYo5q4Fx7dY9OgQGXgAsQA=="
    },
    "node_modules/datatables.net": {
      "version": "1.13.6",
      "resolved": "https://registry.npmjs.org/datatables.net/-/datatables.net-1.13.6.tgz",
      "integrity": "sha512-rHNcnW+yEP9me82/KmRcid5eKrqPqW3+I/p1TwqCW3c/7GRYYkDyF6aJQOQ9DNS/pw+nyr4BVpjyJ3yoZXiFPg==",
      "dependencies": {
        "jquery": ">=1.7"
      }
    },
    "node_modules/datatables.net-bs4": {
      "version": "1.13.6",
      "resolved": "https://registry.npmjs.org/datatables.net-bs4/-/datatables.net-bs4-1.13.6.tgz",
      "integrity": "sha512-+ZYDvpvCf0L0qSXPGKbb17arFPNqnjkyrvAEamR9SGQaGK7PprVaNTLmRfP0Xq2dBxVYr+Y+OD/q63zaDo0cSA==",
      "dependencies": {
        "datatables.net": ">=1.13.4",
        "jquery": ">=1.7"
      }
    },
    "node_modules/datatables.net-buttons": {
      "version": "1.7.1",
      "resolved": "https://registry.npmjs.org/datatables.net-buttons/-/datatables.net-buttons-1.7.1.tgz",
      "integrity": "sha512-D2OxZeR18jhSx+l0xcfAJzfUH7l3LHCu0e606fV7+v3hMhphOfljjZYLaiRmGiR9lqO/f5xE/w2a+OtG/QMavw==",
      "dependencies": {
        "datatables.net": "^1.10.15",
        "jquery": ">=1.7"
      }
    },
    "node_modules/datatables.net-buttons-bs4": {
      "version": "1.7.1",
      "resolved": "https://registry.npmjs.org/datatables.net-buttons-bs4/-/datatables.net-buttons-bs4-1.7.1.tgz",
      "integrity": "sha512-s+fwsgAAWp7mOKwuztPH06kaw2JNAJ71VNTw/TqGQTL6BK9FshweDKZSRIB/ePcc/Psiy8fhNEj3XHxx4OO6BA==",
      "dependencies": {
        "datatables.net-bs4": "^1.10.15",
        "datatables.net-buttons": "1.7.1",
        "jquery": ">=1.7"
      }
    },
    "node_modules/datatables.net-responsive": {
      "version": "2.5.0",
      "resolved": "https://registry.npmjs.org/datatables.net-responsive/-/datatables.net-responsive-2.5.0.tgz",
      "integrity": "sha512-GL7DFiRl5qqrp5ql54Psz92xTGPR0rMcrO3hzNxMfvcfpRGL5zFNTvMpTUh59Erm6u1+KoX+j+Ig1ZD3r0iFsA==",
      "dependencies": {
        "datatables.net": ">=1.13.4",
        "jquery": ">=1.7"
      }
    },
    "node_modules/datatables.net-responsive-bs4": {
      "version": "2.5.0",
      "resolved": "https://registry.npmjs.org/datatables.net-responsive-bs4/-/datatables.net-responsive-bs4-2.5.0.tgz",
      "integrity": "sha512-APa2fqjCoPGZWStXoMfQ1nD5QGbSc2WXyHqnsNfZ8N9aAF4E/VSIXrQ9HYUx0xqs4lfUKCpqplrOoP9oMytkiQ==",
      "dependencies": {
        "datatables.net-bs4": ">=1.13.4",
        "datatables.net-responsive": ">=2.4.1",
        "jquery": ">=1.7"
      }
    },
    "node_modules/datatables.net-select": {
      "version": "1.7.0",
      "resolved": "https://registry.npmjs.org/datatables.net-select/-/datatables.net-select-1.7.0.tgz",
      "integrity": "sha512-ps8eL8S2gUV7EdzMraw8mfQlHXpfuc8TC2onBxdk0snP8eizPe85VhpI3r4ULvPRTTI7vcViz8E7JV8aayA2lw==",
      "dependencies": {
        "datatables.net": ">=1.13.4",
        "jquery": ">=1.7"
      }
    },
    "node_modules/datatables.net-select-bs4": {
      "version": "1.7.0",
      "resolved": "https://registry.npmjs.org/datatables.net-select-bs4/-/datatables.net-select-bs4-1.7.0.tgz",
      "integrity": "sha512-PAOAPVaIVxZ0FEk0BamIF4a3YVkln2swIM+be+w09OWRlUo8QXFY5LbImjZ9SdUInT7pCZfueBQh5oKSKesylg==",
      "dependencies": {
        "datatables.net-bs4": ">=1.13.4",
        "datatables.net-select": ">=1.6.2",
        "jquery": ">=1.7"
      }
    },
    "node_modules/deep-equal": {
      "version": "1.1.1",
      "resolved": "https://registry.npmjs.org/deep-equal/-/deep-equal-1.1.1.tgz",
      "integrity": "sha512-yd9c5AdiqVcR+JjcwUQb9DkhJc8ngNr0MahEBGvDiJw8puWab2yZlh+nkasOnZP+EGTAP6rRp2JzJhJZzvNF8g==",
      "dependencies": {
        "is-arguments": "^1.0.4",
        "is-date-object": "^1.0.1",
        "is-regex": "^1.0.4",
        "object-is": "^1.0.1",
        "object-keys": "^1.1.1",
        "regexp.prototype.flags": "^1.2.0"
      },
      "funding": {
        "url": "https://github.com/sponsors/ljharb"
      }
    },
    "node_modules/define-data-property": {
      "version": "1.1.1",
      "resolved": "https://registry.npmjs.org/define-data-property/-/define-data-property-1.1.1.tgz",
      "integrity": "sha512-E7uGkTzkk1d0ByLeSc6ZsFS79Axg+m1P/VsgYsxHgiuc3tFSj+MjMIwe90FC4lOAZzNBdY7kkO2P2wKdsQ1vgQ==",
      "dependencies": {
        "get-intrinsic": "^1.2.1",
        "gopd": "^1.0.1",
        "has-property-descriptors": "^1.0.0"
      },
      "engines": {
        "node": ">= 0.4"
      }
    },
    "node_modules/define-properties": {
      "version": "1.2.1",
      "resolved": "https://registry.npmjs.org/define-properties/-/define-properties-1.2.1.tgz",
      "integrity": "sha512-8QmQKqEASLd5nx0U1B1okLElbUuuttJ/AnYmRXbbbGDWh6uS208EjD4Xqq/I9wK7u0v6O08XhTWnt5XtEbR6Dg==",
      "dependencies": {
        "define-data-property": "^1.0.1",
        "has-property-descriptors": "^1.0.0",
        "object-keys": "^1.1.1"
      },
      "engines": {
        "node": ">= 0.4"
      },
      "funding": {
        "url": "https://github.com/sponsors/ljharb"
      }
    },
    "node_modules/delegate": {
      "version": "3.2.0",
      "resolved": "https://registry.npmjs.org/delegate/-/delegate-3.2.0.tgz",
      "integrity": "sha512-IofjkYBZaZivn0V8nnsMJGBr4jVLxHDheKSW88PyxS5QC4Vo9ZbZVvhzlSxY87fVq3STR6r+4cGepyHkcWOQSw=="
    },
    "node_modules/dropzone": {
      "version": "5.9.3",
      "resolved": "https://registry.npmjs.org/dropzone/-/dropzone-5.9.3.tgz",
      "integrity": "sha512-Azk8kD/2/nJIuVPK+zQ9sjKMRIpRvNyqn9XwbBHNq+iNuSccbJS6hwm1Woy0pMST0erSo0u4j+KJaodndDk4vA=="
    },
    "node_modules/eventemitter3": {
      "version": "2.0.3",
      "resolved": "https://registry.npmjs.org/eventemitter3/-/eventemitter3-2.0.3.tgz",
      "integrity": "sha512-jLN68Dx5kyFHaePoXWPsCGW5qdyZQtLYHkxkg02/Mz6g0kYpDx4FyP6XfArhQdlOC4b8Mv+EMxPo/8La7Tzghg=="
    },
    "node_modules/extend": {
      "version": "3.0.2",
      "resolved": "https://registry.npmjs.org/extend/-/extend-3.0.2.tgz",
      "integrity": "sha512-fjquC59cD7CyW6urNXK0FBufkZcoiGG80wTuPujX590cB5Ttln20E2UB4S/WARVqhXffZl2LNgS+gQdPIIim/g=="
    },
    "node_modules/fast-diff": {
      "version": "1.1.2",
      "resolved": "https://registry.npmjs.org/fast-diff/-/fast-diff-1.1.2.tgz",
      "integrity": "sha512-KaJUt+M9t1qaIteSvjc6P3RbMdXsNhK61GRftR6SNxqmhthcd9MGIi4T+o0jD8LUSpSnSKXE20nLtJ3fOHxQig=="
    },
    "node_modules/fullcalendar": {
      "version": "3.10.5",
      "resolved": "https://registry.npmjs.org/fullcalendar/-/fullcalendar-3.10.5.tgz",
      "integrity": "sha512-JGWpECKgza/344bbF5QT0hBJpx04DZ/7QGPlR1ZbAwrG6Yz6mWEkQd+NnZUh1sK6HCBIPnPRW2x53aJxeLGvvQ==",
      "peerDependencies": {
        "jquery": "2 - 3",
        "moment": "^2.20.1"
      }
    },
    "node_modules/function-bind": {
      "version": "1.1.2",
      "resolved": "https://registry.npmjs.org/function-bind/-/function-bind-1.1.2.tgz",
      "integrity": "sha512-7XHNxH7qX9xG5mIwxkhumTox/MIRNcOgDrxWsMt2pAr23WHp6MrRlN7FBSFpCpr+oVO0F744iUgR82nJMfG2SA==",
      "funding": {
        "url": "https://github.com/sponsors/ljharb"
      }
    },
    "node_modules/functions-have-names": {
      "version": "1.2.3",
      "resolved": "https://registry.npmjs.org/functions-have-names/-/functions-have-names-1.2.3.tgz",
      "integrity": "sha512-xckBUXyTIqT97tq2x2AMb+g163b5JFysYk0x4qxNFwbfQkmNZoiRHb6sPzI9/QV33WeuvVYBUIiD4NzNIyqaRQ==",
      "funding": {
        "url": "https://github.com/sponsors/ljharb"
      }
    },
    "node_modules/get-intrinsic": {
      "version": "1.2.2",
      "resolved": "https://registry.npmjs.org/get-intrinsic/-/get-intrinsic-1.2.2.tgz",
      "integrity": "sha512-0gSo4ml/0j98Y3lngkFEot/zhiCeWsbYIlZ+uZOVgzLyLaUw7wxUL+nCTP0XJvJg1AXulJRI3UJi8GsbDuxdGA==",
      "dependencies": {
        "function-bind": "^1.1.2",
        "has-proto": "^1.0.1",
        "has-symbols": "^1.0.3",
        "hasown": "^2.0.0"
      },
      "funding": {
        "url": "https://github.com/sponsors/ljharb"
      }
    },
    "node_modules/good-listener": {
      "version": "1.2.2",
      "resolved": "https://registry.npmjs.org/good-listener/-/good-listener-1.2.2.tgz",
      "integrity": "sha512-goW1b+d9q/HIwbVYZzZ6SsTr4IgE+WA44A0GmPIQstuOrgsFcT7VEJ48nmr9GaRtNu0XTKacFLGnBPAM6Afouw==",
      "dependencies": {
        "delegate": "^3.1.2"
      }
    },
    "node_modules/gopd": {
      "version": "1.0.1",
      "resolved": "https://registry.npmjs.org/gopd/-/gopd-1.0.1.tgz",
      "integrity": "sha512-d65bNlIadxvpb/A2abVdlqKqV563juRnZ1Wtk6s1sIR8uNsXR70xqIzVqxVf1eTqDunwT2MkczEeaezCKTZhwA==",
      "dependencies": {
        "get-intrinsic": "^1.1.3"
      },
      "funding": {
        "url": "https://github.com/sponsors/ljharb"
      }
    },
    "node_modules/has-property-descriptors": {
      "version": "1.0.1",
      "resolved": "https://registry.npmjs.org/has-property-descriptors/-/has-property-descriptors-1.0.1.tgz",
      "integrity": "sha512-VsX8eaIewvas0xnvinAe9bw4WfIeODpGYikiWYLH+dma0Jw6KHYqWiWfhQlgOVK8D6PvjubK5Uc4P0iIhIcNVg==",
      "dependencies": {
        "get-intrinsic": "^1.2.2"
      },
      "funding": {
        "url": "https://github.com/sponsors/ljharb"
      }
    },
    "node_modules/has-proto": {
      "version": "1.0.1",
      "resolved": "https://registry.npmjs.org/has-proto/-/has-proto-1.0.1.tgz",
      "integrity": "sha512-7qE+iP+O+bgF9clE5+UoBFzE65mlBiVj3tKCrlNQ0Ogwm0BjpT/gK4SlLYDMybDh5I3TCTKnPPa0oMG7JDYrhg==",
      "engines": {
        "node": ">= 0.4"
      },
      "funding": {
        "url": "https://github.com/sponsors/ljharb"
      }
    },
    "node_modules/has-symbols": {
      "version": "1.0.3",
      "resolved": "https://registry.npmjs.org/has-symbols/-/has-symbols-1.0.3.tgz",
      "integrity": "sha512-l3LCuF6MgDNwTDKkdYGEihYjt5pRPbEg46rtlmnSPlUbgmB8LOIrKJbYYFBSbnPaJexMKtiPO8hmeRjRz2Td+A==",
      "engines": {
        "node": ">= 0.4"
      },
      "funding": {
        "url": "https://github.com/sponsors/ljharb"
      }
    },
    "node_modules/has-tostringtag": {
      "version": "1.0.0",
      "resolved": "https://registry.npmjs.org/has-tostringtag/-/has-tostringtag-1.0.0.tgz",
      "integrity": "sha512-kFjcSNhnlGV1kyoGk7OXKSawH5JOb/LzUc5w9B02hOTO0dfFRjbHQKvg1d6cf3HbeUmtU9VbbV3qzZ2Teh97WQ==",
      "dependencies": {
        "has-symbols": "^1.0.2"
      },
      "engines": {
        "node": ">= 0.4"
      },
      "funding": {
        "url": "https://github.com/sponsors/ljharb"
      }
    },
    "node_modules/hasown": {
      "version": "2.0.0",
      "resolved": "https://registry.npmjs.org/hasown/-/hasown-2.0.0.tgz",
      "integrity": "sha512-vUptKVTpIJhcczKBbgnS+RtcuYMB8+oNzPK2/Hp3hanz8JmpATdmmgLgSaadVREkDm+e2giHwY3ZRkyjSIDDFA==",
      "dependencies": {
        "function-bind": "^1.1.2"
      },
      "engines": {
        "node": ">= 0.4"
      }
    },
    "node_modules/headroom.js": {
      "version": "0.9.4",
      "resolved": "https://registry.npmjs.org/headroom.js/-/headroom.js-0.9.4.tgz",
      "integrity": "sha512-bYDMJpOgRBhoKRrNJsZAjN5HErsqV8sDNH4PsGqOdqR0vSEWwnF/n+Vc4wyGTDMnh83OxNpW22JKbFNFMOfJOA=="
    },
    "node_modules/holderjs": {
      "version": "2.9.9",
      "resolved": "https://registry.npmjs.org/holderjs/-/holderjs-2.9.9.tgz",
      "integrity": "sha512-ceWPz1MrR3dxOoZXiom+G48+l1VPG3TcjBw9fq5iwCiZAMvYX8Aia13GOxT7DoV/AcSyTH7Vvr11ygjZP9qn4w=="
    },
    "node_modules/is-arguments": {
      "version": "1.1.1",
      "resolved": "https://registry.npmjs.org/is-arguments/-/is-arguments-1.1.1.tgz",
      "integrity": "sha512-8Q7EARjzEnKpt/PCD7e1cgUS0a6X8u5tdSiMqXhojOdoV9TsMsiO+9VLC5vAmO8N7/GmXn7yjR8qnA6bVAEzfA==",
      "dependencies": {
        "call-bind": "^1.0.2",
        "has-tostringtag": "^1.0.0"
      },
      "engines": {
        "node": ">= 0.4"
      },
      "funding": {
        "url": "https://github.com/sponsors/ljharb"
      }
    },
    "node_modules/is-date-object": {
      "version": "1.0.5",
      "resolved": "https://registry.npmjs.org/is-date-object/-/is-date-object-1.0.5.tgz",
      "integrity": "sha512-9YQaSxsAiSwcvS33MBk3wTCVnWK+HhF8VZR2jRxehM16QcVOdHqPn4VPHmRK4lSr38n9JriurInLcP90xsYNfQ==",
      "dependencies": {
        "has-tostringtag": "^1.0.0"
      },
      "engines": {
        "node": ">= 0.4"
      },
      "funding": {
        "url": "https://github.com/sponsors/ljharb"
      }
    },
    "node_modules/is-regex": {
      "version": "1.1.4",
      "resolved": "https://registry.npmjs.org/is-regex/-/is-regex-1.1.4.tgz",
      "integrity": "sha512-kvRdxDsxZjhzUX07ZnLydzS1TU/TJlTUHHY4YLL87e37oUA49DfkLqgy+VjFocowy29cKvcSiu+kIv728jTTVg==",
      "dependencies": {
        "call-bind": "^1.0.2",
        "has-tostringtag": "^1.0.0"
      },
      "engines": {
        "node": ">= 0.4"
      },
      "funding": {
        "url": "https://github.com/sponsors/ljharb"
      }
    },
    "node_modules/jquery": {
      "version": "3.7.1",
      "resolved": "https://registry.npmjs.org/jquery/-/jquery-3.7.1.tgz",
      "integrity": "sha512-m4avr8yL8kmFN8psrbFFFmB/If14iN5o9nw/NgnnM+kybDJpRsAynV2BsfpTYrTRysYUdADVD7CkUUizgkpLfg=="
    },
    "node_modules/jquery-scroll-lock": {
      "version": "3.1.3",
      "resolved": "https://registry.npmjs.org/jquery-scroll-lock/-/jquery-scroll-lock-3.1.3.tgz",
      "integrity": "sha512-pGKSihSDBiSmJygjgITiEvHiZuhPE8eKePV31er5xWMq601WyooDm1Dscjzonw0aWEx4PeXXDKl64DVu3HbZqw=="
    },
    "node_modules/jquery.scrollbar": {
      "version": "0.2.11",
      "resolved": "https://registry.npmjs.org/jquery.scrollbar/-/jquery.scrollbar-0.2.11.tgz",
      "integrity": "sha512-EpnIzDbbCcy4WAmnw4YK0oUOiApzK2UeccU4QCTmKKiaVGNhmroJtTzo2x1JhBcT6FebDDS90TheaHXLkZM/Xg=="
    },
    "node_modules/js-cookie": {
      "version": "2.2.1",
      "resolved": "https://registry.npmjs.org/js-cookie/-/js-cookie-2.2.1.tgz",
      "integrity": "sha512-HvdH2LzI/EAZcUwA8+0nKNtWHqS+ZmijLA30RwZA0bo7ToCckjK5MkGhjED9KoRcXO6BaGI3I9UIzSA1FKFPOQ=="
    },
    "node_modules/jvectormap-next": {
      "version": "3.1.1",
      "resolved": "https://registry.npmjs.org/jvectormap-next/-/jvectormap-next-3.1.1.tgz",
      "integrity": "sha512-Eo9yJLMvfq5gtO736udb8pQnGKNCEB/LQpX8LElgEeEa4EZDABPCReaFqM0QPce9VNI9X+Um/yvhyzoPaASAyQ==",
      "dependencies": {
        "jquery": ">=1.7"
      }
    },
    "node_modules/lavalamp": {
      "version": "1.1.0",
      "resolved": "https://registry.npmjs.org/lavalamp/-/lavalamp-1.1.0.tgz",
      "integrity": "sha512-S7AXqeOerZJa4Pi3eHd488+s8u6gwMNIYrloG/R0RG4YYRPcNR55QB0KD61n3fUpegrXnz1tDbWDcYvvWYS9yQ==",
      "dependencies": {
        "jquery": ">=1.7"
      }
    },
    "node_modules/list.js": {
      "version": "1.5.0",
      "resolved": "https://registry.npmjs.org/list.js/-/list.js-1.5.0.tgz",
      "integrity": "sha512-1ZeeYqeqRf48g0CEX9AT05bsUhHjbA40OyLLMC9Fm/wpRz2FuCZHBN56ZP0Ku7CuOLdU2VFqs9gDfkTangrrZg==",
      "dependencies": {
        "string-natural-compare": "^2.0.2"
      },
      "engines": {
        "node": ">= 0.10.21"
      }
    },
    "node_modules/moment": {
      "version": "2.29.4",
      "resolved": "https://registry.npmjs.org/moment/-/moment-2.29.4.tgz",
      "integrity": "sha512-5LC9SOxjSc2HF6vO2CyuTDNivEdoz2IvyJJGj6X8DJ0eFyfszE0QiEd+iXmBvUP3WHxSjFH/vIsA0EN00cgr8w==",
      "engines": {
        "node": "*"
      }
    },
    "node_modules/nouislider": {
      "version": "11.1.0",
      "resolved": "https://registry.npmjs.org/nouislider/-/nouislider-11.1.0.tgz",
      "integrity": "sha512-nD+Fgc8A8j6hnGvR5AaV+OBuLF446z4H2fmcEJ/6U6CJr6rAnFnionMXu7dmdghZ+bhgePvL3wrDRbu+0ux7Jg=="
    },
    "node_modules/object-is": {
      "version": "1.1.5",
      "resolved": "https://registry.npmjs.org/object-is/-/object-is-1.1.5.tgz",
      "integrity": "sha512-3cyDsyHgtmi7I7DfSSI2LDp6SK2lwvtbg0p0R1e0RvTqF5ceGx+K2dfSjm1bKDMVCFEDAQvy+o8c6a7VujOddw==",
      "dependencies": {
        "call-bind": "^1.0.2",
        "define-properties": "^1.1.3"
      },
      "engines": {
        "node": ">= 0.4"
      },
      "funding": {
        "url": "https://github.com/sponsors/ljharb"
      }
    },
    "node_modules/object-keys": {
      "version": "1.1.1",
      "resolved": "https://registry.npmjs.org/object-keys/-/object-keys-1.1.1.tgz",
      "integrity": "sha512-NuAESUOUMrlIXOfHKzD6bpPu3tYt3xvjNdRIQ+FeT0lNb4K8WR70CaDxhuNguS2XG+GjkyMwOzsN5ZktImfhLA==",
      "engines": {
        "node": ">= 0.4"
      }
    },
    "node_modules/onscreen": {
      "version": "1.4.0",
      "resolved": "https://registry.npmjs.org/onscreen/-/onscreen-1.4.0.tgz",
      "integrity": "sha512-fmMKd0DSAxxCx36/K6gsj5AlyIGg2WvCiYkDGTZm+YeiNm9q5xJA0IlKMU75wRS5HzvxwGEY+i5CqkxpS//E7w==",
      "deprecated": "Package no longer supported. Contact Support at https://www.npmjs.com/support for more info."
    },
    "node_modules/parchment": {
      "version": "1.1.4",
      "resolved": "https://registry.npmjs.org/parchment/-/parchment-1.1.4.tgz",
      "integrity": "sha512-J5FBQt/pM2inLzg4hEWmzQx/8h8D0CiDxaG3vyp9rKrQRSDgBlhjdP5jQGgosEajXPSQouXGHOmVdgo7QmJuOg=="
    },
    "node_modules/popper.js": {
      "version": "1.16.1",
      "resolved": "https://registry.npmjs.org/popper.js/-/popper.js-1.16.1.tgz",
      "integrity": "sha512-Wb4p1J4zyFTbM+u6WuO4XstYx4Ky9Cewe4DWrel7B0w6VVICvPwdOpotjzcf6eD8TsckVnIMNONQyPIUFOUbCQ==",
      "deprecated": "You can find the new Popper v2 at @popperjs/core, this package is dedicated to the legacy v1",
      "peer": true,
      "funding": {
        "type": "opencollective",
        "url": "https://opencollective.com/popperjs"
      }
    },
    "node_modules/prismjs": {
      "version": "1.29.0",
      "resolved": "https://registry.npmjs.org/prismjs/-/prismjs-1.29.0.tgz",
      "integrity": "sha512-Kx/1w86q/epKcmte75LNrEoT+lX8pBpavuAbvJWRXar7Hz8jrtF+e3vY751p0R8H9HdArwaCTNDDzHg/ScJK1Q==",
      "engines": {
        "node": ">=6"
      }
    },
    "node_modules/quill": {
      "version": "1.3.7",
      "resolved": "https://registry.npmjs.org/quill/-/quill-1.3.7.tgz",
      "integrity": "sha512-hG/DVzh/TiknWtE6QmWAF/pxoZKYxfe3J/d/+ShUWkDvvkZQVTPeVmUJVu1uE6DDooC4fWTiCLh84ul89oNz5g==",
      "dependencies": {
        "clone": "^2.1.1",
        "deep-equal": "^1.0.1",
        "eventemitter3": "^2.0.3",
        "extend": "^3.0.2",
        "parchment": "^1.1.4",
        "quill-delta": "^3.6.2"
      }
    },
    "node_modules/quill-delta": {
      "version": "3.6.3",
      "resolved": "https://registry.npmjs.org/quill-delta/-/quill-delta-3.6.3.tgz",
      "integrity": "sha512-wdIGBlcX13tCHOXGMVnnTVFtGRLoP0imqxM696fIPwIf5ODIYUHIvHbZcyvGlZFiFhK5XzDC2lpjbxRhnM05Tg==",
      "dependencies": {
        "deep-equal": "^1.0.1",
        "extend": "^3.0.2",
        "fast-diff": "1.1.2"
      },
      "engines": {
        "node": ">=0.10"
      }
    },
    "node_modules/regexp.prototype.flags": {
      "version": "1.5.1",
      "resolved": "https://registry.npmjs.org/regexp.prototype.flags/-/regexp.prototype.flags-1.5.1.tgz",
      "integrity": "sha512-sy6TXMN+hnP/wMy+ISxg3krXx7BAtWVO4UouuCN/ziM9UEne0euamVNafDfvC83bRNr95y0V5iijeDQFUNpvrg==",
      "dependencies": {
        "call-bind": "^1.0.2",
        "define-properties": "^1.2.0",
        "set-function-name": "^2.0.0"
      },
      "engines": {
        "node": ">= 0.4"
      },
      "funding": {
        "url": "https://github.com/sponsors/ljharb"
      }
    },
    "node_modules/select": {
      "version": "1.1.2",
      "resolved": "https://registry.npmjs.org/select/-/select-1.1.2.tgz",
      "integrity": "sha512-OwpTSOfy6xSs1+pwcNrv0RBMOzI39Lp3qQKUTPVVPRjCdNa5JH/oPRiqsesIskK8TVgmRiHwO4KXlV2Li9dANA=="
    },
    "node_modules/select2": {
      "version": "4.0.13",
      "resolved": "https://registry.npmjs.org/select2/-/select2-4.0.13.tgz",
      "integrity": "sha512-1JeB87s6oN/TDxQQYCvS5EFoQyvV6eYMZZ0AeA4tdFDYWN3BAGZ8npr17UBFddU0lgAt3H0yjX3X6/ekOj1yjw=="
    },
    "node_modules/set-function-length": {
      "version": "1.1.1",
      "resolved": "https://registry.npmjs.org/set-function-length/-/set-function-length-1.1.1.tgz",
      "integrity": "sha512-VoaqjbBJKiWtg4yRcKBQ7g7wnGnLV3M8oLvVWwOk2PdYY6PEFegR1vezXR0tw6fZGF9csVakIRjrJiy2veSBFQ==",
      "dependencies": {
        "define-data-property": "^1.1.1",
        "get-intrinsic": "^1.2.1",
        "gopd": "^1.0.1",
        "has-property-descriptors": "^1.0.0"
      },
      "engines": {
        "node": ">= 0.4"
      }
    },
    "node_modules/set-function-name": {
      "version": "2.0.1",
      "resolved": "https://registry.npmjs.org/set-function-name/-/set-function-name-2.0.1.tgz",
      "integrity": "sha512-tMNCiqYVkXIZgc2Hnoy2IvC/f8ezc5koaRFkCjrpWzGpCd3qbZXPzVy9MAZzK1ch/X0jvSkojys3oqJN0qCmdA==",
      "dependencies": {
        "define-data-property": "^1.0.1",
        "functions-have-names": "^1.2.3",
        "has-property-descriptors": "^1.0.0"
      },
      "engines": {
        "node": ">= 0.4"
      }
    },
    "node_modules/string-natural-compare": {
      "version": "2.0.3",
      "resolved": "https://registry.npmjs.org/string-natural-compare/-/string-natural-compare-2.0.3.tgz",
      "integrity": "sha512-4Kcl12rNjc+6EKhY8QyDVuQTAlMWwRiNbsxnVwBUKFr7dYPQuXVrtNU4sEkjF9LHY0AY6uVbB3ktbkIH4LC+BQ=="
    },
    "node_modules/sweetalert2": {
      "version": "7.33.1",
      "resolved": "https://registry.npmjs.org/sweetalert2/-/sweetalert2-7.33.1.tgz",
      "integrity": "sha512-69KYtyhtxejFG0HDb8aVhAwbpAWPSTZwaL5vxDHgojErD2KeFxTmRgmkbiLtMC8UdTFXRmvTPtZTF4459MUb7w==",
      "engines": {
        "node": ">=0.10.0"
      }
    },
    "node_modules/tiny-emitter": {
      "version": "2.1.0",
      "resolved": "https://registry.npmjs.org/tiny-emitter/-/tiny-emitter-2.1.0.tgz",
      "integrity": "sha512-NB6Dk1A9xgQPMoGqC5CVXn123gWyte215ONT5Pp5a0yt4nlEoO1ZWeCwpncaekPHXO60i47ihFnZPiRPjRMq4Q=="
    }
  }
}
