# This file is generated by running "yarn install" inside your project.
# Manual changes might be lost - proceed with caution!

__metadata:
  version: 6
  cacheKey: 8

"jquery@npm:^3.7.1":
  version: 3.7.1
  resolution: "jquery@npm:3.7.1"
  checksum: 4370b8139d6ae82867eb6f7f21d1edccf1d1bdf41c0840920ea80d366c2cd5dbe1ceebb110ee9772aa839b04400faa1572c5c560b507c688ed7b61cea26c0e27
  languageName: node
  linkType: hard

"time_to_answer@workspace:.":
  version: 0.0.0-use.local
  resolution: "time_to_answer@workspace:."
  dependencies:
    jquery: ^3.7.1
  languageName: unknown
  linkType: soft
