# This file is generated by running "yarn install" inside your project.
# Manual changes might be lost - proceed with caution!

__metadata:
  version: 6
  cacheKey: 8

"bulma@npm:^0.9.4":
  version: 0.9.4
  resolution: "bulma@npm:0.9.4"
  checksum: bc0ab8c203deb0ae200fab5b38547ad4bc8ed1e3abcf6f4ac8a2229af46540419bbcb78c9d2e80f3ddda8825d64fa186ed8775674656cdcabe5544be4d0f3d85
  languageName: node
  linkType: hard

"time_to_answer@workspace:.":
  version: 0.0.0-use.local
  resolution: "time_to_answer@workspace:."
  dependencies:
    bulma: ^0.9.4
  languageName: unknown
  linkType: soft
